
Microsoft Visual Studio Solution File, Format Version 12.00
Project("{FAE04EC0-301F-11D3-BF4B-00C04F79EFBC}") = "WebAPI", "WebAPI\WebAPI.csproj", "{D29BFFA1-DFF9-478D-A0C4-DD0E904AD35E}"
EndProject
Project("{FAE04EC0-301F-11D3-BF4B-00C04F79EFBC}") = "Domain", "Domain\Domain.csproj", "{23F79EE2-DCF0-4B4D-A7B9-C24E085794C7}"
EndProject
Project("{FAE04EC0-301F-11D3-BF4B-00C04F79EFBC}") = "HttpClients", "HttpClients\HttpClients.csproj", "{1FCBD320-9B74-4C33-8FE6-A37F35E4843A}"
EndProject
Project("{FAE04EC0-301F-11D3-BF4B-00C04F79EFBC}") = "JavaPersistenceClient", "JavaPersistenceClient\JavaPersistenceClient.csproj", "{E53EC328-AF52-4D5D-B4F5-0038BE0A4132}"
EndProject
Project("{FAE04EC0-301F-11D3-BF4B-00C04F79EFBC}") = "Application", "Application\Application.csproj", "{1680E010-9519-4210-9210-D87132152D1C}"
EndProject
Project("{FAE04EC0-301F-11D3-BF4B-00C04F79EFBC}") = "BlazorWASM", "BlazorWASM\BlazorWASM.csproj", "{6F1459BF-58FC-4439-9C45-F370AD71CC2F}"
EndProject
Project("{FAE04EC0-301F-11D3-BF4B-00C04F79EFBC}") = "UNITtests", "UNITtests\UNITtests.csproj", "{1CAC9ECB-F4FC-4F81-8050-FEB99EE489EC}"
EndProject
Global
	GlobalSection(SolutionConfigurationPlatforms) = preSolution
		Debug|Any CPU = Debug|Any CPU
		Release|Any CPU = Release|Any CPU
	EndGlobalSection
	GlobalSection(ProjectConfigurationPlatforms) = postSolution
		{D29BFFA1-DFF9-478D-A0C4-DD0E904AD35E}.Debug|Any CPU.ActiveCfg = Debug|Any CPU
		{D29BFFA1-DFF9-478D-A0C4-DD0E904AD35E}.Debug|Any CPU.Build.0 = Debug|Any CPU
		{D29BFFA1-DFF9-478D-A0C4-DD0E904AD35E}.Release|Any CPU.ActiveCfg = Release|Any CPU
		{D29BFFA1-DFF9-478D-A0C4-DD0E904AD35E}.Release|Any CPU.Build.0 = Release|Any CPU
		{23F79EE2-DCF0-4B4D-A7B9-C24E085794C7}.Debug|Any CPU.ActiveCfg = Debug|Any CPU
		{23F79EE2-DCF0-4B4D-A7B9-C24E085794C7}.Debug|Any CPU.Build.0 = Debug|Any CPU
		{23F79EE2-DCF0-4B4D-A7B9-C24E085794C7}.Release|Any CPU.ActiveCfg = Release|Any CPU
		{23F79EE2-DCF0-4B4D-A7B9-C24E085794C7}.Release|Any CPU.Build.0 = Release|Any CPU
		{1FCBD320-9B74-4C33-8FE6-A37F35E4843A}.Debug|Any CPU.ActiveCfg = Debug|Any CPU
		{1FCBD320-9B74-4C33-8FE6-A37F35E4843A}.Debug|Any CPU.Build.0 = Debug|Any CPU
		{1FCBD320-9B74-4C33-8FE6-A37F35E4843A}.Release|Any CPU.ActiveCfg = Release|Any CPU
		{1FCBD320-9B74-4C33-8FE6-A37F35E4843A}.Release|Any CPU.Build.0 = Release|Any CPU
		{E53EC328-AF52-4D5D-B4F5-0038BE0A4132}.Debug|Any CPU.ActiveCfg = Debug|Any CPU
		{E53EC328-AF52-4D5D-B4F5-0038BE0A4132}.Debug|Any CPU.Build.0 = Debug|Any CPU
		{E53EC328-AF52-4D5D-B4F5-0038BE0A4132}.Release|Any CPU.ActiveCfg = Release|Any CPU
		{E53EC328-AF52-4D5D-B4F5-0038BE0A4132}.Release|Any CPU.Build.0 = Release|Any CPU
		{1680E010-9519-4210-9210-D87132152D1C}.Debug|Any CPU.ActiveCfg = Debug|Any CPU
		{1680E010-9519-4210-9210-D87132152D1C}.Debug|Any CPU.Build.0 = Debug|Any CPU
		{1680E010-9519-4210-9210-D87132152D1C}.Release|Any CPU.ActiveCfg = Release|Any CPU
		{1680E010-9519-4210-9210-D87132152D1C}.Release|Any CPU.Build.0 = Release|Any CPU
		{6F1459BF-58FC-4439-9C45-F370AD71CC2F}.Debug|Any CPU.ActiveCfg = Debug|Any CPU
		{6F1459BF-58FC-4439-9C45-F370AD71CC2F}.Debug|Any CPU.Build.0 = Debug|Any CPU
		{6F1459BF-58FC-4439-9C45-F370AD71CC2F}.Release|Any CPU.ActiveCfg = Release|Any CPU
		{6F1459BF-58FC-4439-9C45-F370AD71CC2F}.Release|Any CPU.Build.0 = Release|Any CPU
		{1CAC9ECB-F4FC-4F81-8050-FEB99EE489EC}.Debug|Any CPU.ActiveCfg = Debug|Any CPU
		{1CAC9ECB-F4FC-4F81-8050-FEB99EE489EC}.Debug|Any CPU.Build.0 = Debug|Any CPU
		{1CAC9ECB-F4FC-4F81-8050-FEB99EE489EC}.Release|Any CPU.ActiveCfg = Release|Any CPU
		{1CAC9ECB-F4FC-4F81-8050-FEB99EE489EC}.Release|Any CPU.Build.0 = Release|Any CPU
	EndGlobalSection
EndGlobal
